3711198111994239962926524639506676271030017252181401874519421199552223622341255052657927027343913094537771402634555748110496456998670692324363469057300620427104572610750619226527644253149451642626577298104172151036578205925563311796718311584277878639044593329969659923419416288732899329307470394872251187536585600857943593725991362651767498091683907867638711489143941291015212998177401845619878205702619727430286133946840916421954298144137586955388033934425224727849309633506406968093879378808596142628522339260412783732509413336730667635704437145972142727017311248162482435520655329609136101364669666966750972205722917241873203734857400982328824478296997357974611663423449405591026893077457394976150789452376565849700327597199969810742574957129756542934433452813235133131481614907175691834619867