371119811199423996292652463950667627103001725218140187451942119955222362234125505265792702734391309453777140263455574811049645699867069232436346905730062042710457261075061922652764425314945164262657729810417215103657820592556331179671831158427787863904459332996965992341941628873289932930747039487225118753658560085794359372599136265176749809168390786763871148914394129101521299817740184561987820570261972743028613394684091642195429814413758695538803393442522472784930963350640696809387937880859614262852233926041278373250941333673066763570443714597214272701731124816248243552065532960913610136466966696675097220572291724187320373485740098232882447829699735797461166342344940559102689307745739497615078945237656584970032759719996981074257495712975654293443345281323513313148161490717569