37111981119942399629265246395066762710300172521814018745194211995522236223412550526579270273439130945377714026345557481104964569986706923243634690573006204271045726107506192265276442531494516426265772981041721510365782059255633117967183115842778786390445933299696599234194162887328993293074703948722511875365856008579435937259913626517674980916839078676387114891439412910152129981774018456198782057026197274302861339468409164219542981441375869553880339344252247278493096335064069680938793788085961426285223392604127837325094133367306676357044371459721427270173112481624824355206553296091361013646696669667509722057229172418732037348574009823288244782969973579746116634234494055910268930774573949761507894523765658497003275971999698107425749571297565429344334528132351331314816